// !$*UTF8*$!
{
	archiveVersion = 1;
	classes = {
	};
	objectVersion = 55;
	objects = {

/* Begin PBXBuildFile section */
		841B4D18280DE1F2006397A2 /* SearchResultsViewController.swift in Sources */ = {isa = PBXBuildFile; fileRef = 841B4D17280DE1F2006397A2 /* SearchResultsViewController.swift */; };
		841B4D1B280F4B0D006397A2 /* FollowNotificationTableViewCell.swift in Sources */ = {isa = PBXBuildFile; fileRef = 841B4D1A280F4B0D006397A2 /* FollowNotificationTableViewCell.swift */; };
		841B4D1F280F4E4B006397A2 /* CommentNotificationTableViewCell.swift in Sources */ = {isa = PBXBuildFile; fileRef = 841B4D1E280F4E4B006397A2 /* CommentNotificationTableViewCell.swift */; };
		841B4D21280F4E60006397A2 /* LikeNotificationTableViewCell.swift in Sources */ = {isa = PBXBuildFile; fileRef = 841B4D20280F4E60006397A2 /* LikeNotificationTableViewCell.swift */; };
		841B4D23280F5097006397A2 /* NotificationManager.swift in Sources */ = {isa = PBXBuildFile; fileRef = 841B4D22280F5097006397A2 /* NotificationManager.swift */; };
		841B4D25280F5C8F006397A2 /* NotificationCellType.swift in Sources */ = {isa = PBXBuildFile; fileRef = 841B4D24280F5C8F006397A2 /* NotificationCellType.swift */; };
		841B4D27280F5D8F006397A2 /* NotificationCellViewModels.swift in Sources */ = {isa = PBXBuildFile; fileRef = 841B4D26280F5D8F006397A2 /* NotificationCellViewModels.swift */; };
		8427BF7D27FF95EF00B029BA /* PosterCollectionViewCellViewModel.swift in Sources */ = {isa = PBXBuildFile; fileRef = 8427BF7C27FF95EF00B029BA /* PosterCollectionViewCellViewModel.swift */; };
		8427BF7F27FF965800B029BA /* PostCollectionViewCellViewModel.swift in Sources */ = {isa = PBXBuildFile; fileRef = 8427BF7E27FF965800B029BA /* PostCollectionViewCellViewModel.swift */; };
		8427BF8327FF96C600B029BA /* PostActionsCollectionViewCellViewModel.swift in Sources */ = {isa = PBXBuildFile; fileRef = 8427BF8227FF96C600B029BA /* PostActionsCollectionViewCellViewModel.swift */; };
		8427BF8527FF973900B029BA /* PostLikesCollectionViewCellViewModel.swift in Sources */ = {isa = PBXBuildFile; fileRef = 8427BF8427FF973900B029BA /* PostLikesCollectionViewCellViewModel.swift */; };
		8427BF8727FF978E00B029BA /* PostCaptionCollectionViewCellModel.swift in Sources */ = {isa = PBXBuildFile; fileRef = 8427BF8627FF978E00B029BA /* PostCaptionCollectionViewCellModel.swift */; };
		8427BF8927FF97CB00B029BA /* PostDatatimeCollectionViewCellViewModel.swift in Sources */ = {isa = PBXBuildFile; fileRef = 8427BF8827FF97CB00B029BA /* PostDatatimeCollectionViewCellViewModel.swift */; };
		8427BF8B27FF987C00B029BA /* HomeFeedCellType.swift in Sources */ = {isa = PBXBuildFile; fileRef = 8427BF8A27FF987C00B029BA /* HomeFeedCellType.swift */; };
		8427BF8E27FF9EA400B029BA /* PosterCollectionViewCell.swift in Sources */ = {isa = PBXBuildFile; fileRef = 8427BF8D27FF9EA400B029BA /* PosterCollectionViewCell.swift */; };
		8427BF9027FF9F6A00B029BA /* PostCollectionViewCell.swift in Sources */ = {isa = PBXBuildFile; fileRef = 8427BF8F27FF9F6A00B029BA /* PostCollectionViewCell.swift */; };
		8427BF9227FF9FAC00B029BA /* PostActionsCollectionViewCell.swift in Sources */ = {isa = PBXBuildFile; fileRef = 8427BF9127FF9FAC00B029BA /* PostActionsCollectionViewCell.swift */; };
		8427BF9427FF9FB800B029BA /* PostLikesCollectionViewCell.swift in Sources */ = {isa = PBXBuildFile; fileRef = 8427BF9327FF9FB800B029BA /* PostLikesCollectionViewCell.swift */; };
		8427BF9627FF9FC500B029BA /* PostCaptionCollectionViewCell.swift in Sources */ = {isa = PBXBuildFile; fileRef = 8427BF9527FF9FC500B029BA /* PostCaptionCollectionViewCell.swift */; };
		8427BF9827FF9FD100B029BA /* PostDateTimeCollectionViewCell.swift in Sources */ = {isa = PBXBuildFile; fileRef = 8427BF9727FF9FD100B029BA /* PostDateTimeCollectionViewCell.swift */; };
		8494800227FBB9EA0087C502 /* ExploreViewController.swift in Sources */ = {isa = PBXBuildFile; fileRef = 8494800127FBB9EA0087C502 /* ExploreViewController.swift */; };
		8494800427FBB9F90087C502 /* CameraViewController.swift in Sources */ = {isa = PBXBuildFile; fileRef = 8494800327FBB9F90087C502 /* CameraViewController.swift */; };
		8494800627FBBA070087C502 /* NotificationsViewController.swift in Sources */ = {isa = PBXBuildFile; fileRef = 8494800527FBBA070087C502 /* NotificationsViewController.swift */; };
		8494800827FBBA120087C502 /* ProfileViewController.swift in Sources */ = {isa = PBXBuildFile; fileRef = 8494800727FBBA120087C502 /* ProfileViewController.swift */; };
		8494800A27FBBA310087C502 /* TabbarViewController.swift in Sources */ = {isa = PBXBuildFile; fileRef = 8494800927FBBA310087C502 /* TabbarViewController.swift */; };
		8494800D27FBBA6C0087C502 /* SignUpViewController.swift in Sources */ = {isa = PBXBuildFile; fileRef = 8494800C27FBBA6C0087C502 /* SignUpViewController.swift */; };
		8494800F27FBBA770087C502 /* SignInViewController.swift in Sources */ = {isa = PBXBuildFile; fileRef = 8494800E27FBBA770087C502 /* SignInViewController.swift */; };
		8494801127FBBA860087C502 /* CaptionViewController.swift in Sources */ = {isa = PBXBuildFile; fileRef = 8494801027FBBA860087C502 /* CaptionViewController.swift */; };
		8494801327FBBA930087C502 /* ListViewController.swift in Sources */ = {isa = PBXBuildFile; fileRef = 8494801227FBBA930087C502 /* ListViewController.swift */; };
		8494801527FBBA9E0087C502 /* PostViewController.swift in Sources */ = {isa = PBXBuildFile; fileRef = 8494801427FBBA9E0087C502 /* PostViewController.swift */; };
		8494801727FBBAAC0087C502 /* SettingsViewController.swift in Sources */ = {isa = PBXBuildFile; fileRef = 8494801627FBBAAC0087C502 /* SettingsViewController.swift */; };
		8494801C27FBBAFA0087C502 /* User.swift in Sources */ = {isa = PBXBuildFile; fileRef = 8494801B27FBBAFA0087C502 /* User.swift */; };
		8494801E27FBBB0B0087C502 /* Post.swift in Sources */ = {isa = PBXBuildFile; fileRef = 8494801D27FBBB0B0087C502 /* Post.swift */; };
		8494802027FBBB190087C502 /* Relationship.swift in Sources */ = {isa = PBXBuildFile; fileRef = 8494801F27FBBB190087C502 /* Relationship.swift */; };
		8494802227FBBB240087C502 /* Notification.swift in Sources */ = {isa = PBXBuildFile; fileRef = 8494802127FBBB240087C502 /* Notification.swift */; };
		8494802427FBBB410087C502 /* AuthManager.swift in Sources */ = {isa = PBXBuildFile; fileRef = 8494802327FBBB410087C502 /* AuthManager.swift */; };
		8494802627FBBB500087C502 /* DatabaseManager.swift in Sources */ = {isa = PBXBuildFile; fileRef = 8494802527FBBB500087C502 /* DatabaseManager.swift */; };
		8494802827FBBB5A0087C502 /* StorageManager.swift in Sources */ = {isa = PBXBuildFile; fileRef = 8494802727FBBB5A0087C502 /* StorageManager.swift */; };
		8494802A27FBBB690087C502 /* AnalyticsManager.swift in Sources */ = {isa = PBXBuildFile; fileRef = 8494802927FBBB690087C502 /* AnalyticsManager.swift */; };
		8494802C27FBBB770087C502 /* HapticsManager.swift in Sources */ = {isa = PBXBuildFile; fileRef = 8494802B27FBBB770087C502 /* HapticsManager.swift */; };
		8494802E27FCE7FA0087C502 /* GoogleService-Info.plist in Resources */ = {isa = PBXBuildFile; fileRef = 8494802D27FCE7FA0087C502 /* GoogleService-Info.plist */; };
		8494803027FCF6ED0087C502 /* SignInHeaderView.swift in Sources */ = {isa = PBXBuildFile; fileRef = 8494802F27FCF6ED0087C502 /* SignInHeaderView.swift */; };
		8494803227FCF86B0087C502 /* Extentions.swift in Sources */ = {isa = PBXBuildFile; fileRef = 8494803127FCF86B0087C502 /* Extentions.swift */; };
		8494803427FCFE8C0087C502 /* IGTextField.swift in Sources */ = {isa = PBXBuildFile; fileRef = 8494803327FCFE8C0087C502 /* IGTextField.swift */; };
		84A139B427FBAAD100B4C204 /* AppDelegate.swift in Sources */ = {isa = PBXBuildFile; fileRef = 84A139B327FBAAD100B4C204 /* AppDelegate.swift */; };
		84A139B627FBAAD100B4C204 /* SceneDelegate.swift in Sources */ = {isa = PBXBuildFile; fileRef = 84A139B527FBAAD100B4C204 /* SceneDelegate.swift */; };
		84A139B827FBAAD100B4C204 /* HomeViewController.swift in Sources */ = {isa = PBXBuildFile; fileRef = 84A139B727FBAAD100B4C204 /* HomeViewController.swift */; };
		84A139BD27FBAAD500B4C204 /* Assets.xcassets in Resources */ = {isa = PBXBuildFile; fileRef = 84A139BC27FBAAD500B4C204 /* Assets.xcassets */; };
		84A139C027FBAAD500B4C204 /* LaunchScreen.storyboard in Resources */ = {isa = PBXBuildFile; fileRef = 84A139BE27FBAAD500B4C204 /* LaunchScreen.storyboard */; };
		84C9FA0228075EA60085455E /* PostEditViewController.swift in Sources */ = {isa = PBXBuildFile; fileRef = 84C9FA0128075EA60085455E /* PostEditViewController.swift */; };
		84C9FA0428077C990085455E /* PhotoCollectionViewCell.swift in Sources */ = {isa = PBXBuildFile; fileRef = 84C9FA0328077C990085455E /* PhotoCollectionViewCell.swift */; };
		C9F1E6CDCA908AEB68E34162 /* Pods_InstagramClone.framework in Frameworks */ = {isa = PBXBuildFile; fileRef = 3AB63D9E81EF1360FDB26595 /* Pods_InstagramClone.framework */; };
/* End PBXBuildFile section */

/* Begin PBXFileReference section */
		3AB63D9E81EF1360FDB26595 /* Pods_InstagramClone.framework */ = {isa = PBXFileReference; explicitFileType = wrapper.framework; includeInIndex = 0; path = Pods_InstagramClone.framework; sourceTree = BUILT_PRODUCTS_DIR; };
		6E783A069057A3763A129001 /* Pods-InstagramClone.debug.xcconfig */ = {isa = PBXFileReference; includeInIndex = 1; lastKnownFileType = text.xcconfig; name = "Pods-InstagramClone.debug.xcconfig"; path = "Target Support Files/Pods-InstagramClone/Pods-InstagramClone.debug.xcconfig"; sourceTree = "<group>"; };
		841B4D17280DE1F2006397A2 /* SearchResultsViewController.swift */ = {isa = PBXFileReference; lastKnownFileType = sourcecode.swift; path = SearchResultsViewController.swift; sourceTree = "<group>"; };
		841B4D1A280F4B0D006397A2 /* FollowNotificationTableViewCell.swift */ = {isa = PBXFileReference; lastKnownFileType = sourcecode.swift; path = FollowNotificationTableViewCell.swift; sourceTree = "<group>"; };
		841B4D1E280F4E4B006397A2 /* CommentNotificationTableViewCell.swift */ = {isa = PBXFileReference; lastKnownFileType = sourcecode.swift; path = CommentNotificationTableViewCell.swift; sourceTree = "<group>"; };
		841B4D20280F4E60006397A2 /* LikeNotificationTableViewCell.swift */ = {isa = PBXFileReference; lastKnownFileType = sourcecode.swift; path = LikeNotificationTableViewCell.swift; sourceTree = "<group>"; };
		841B4D22280F5097006397A2 /* NotificationManager.swift */ = {isa = PBXFileReference; lastKnownFileType = sourcecode.swift; path = NotificationManager.swift; sourceTree = "<group>"; };
		841B4D24280F5C8F006397A2 /* NotificationCellType.swift */ = {isa = PBXFileReference; lastKnownFileType = sourcecode.swift; path = NotificationCellType.swift; sourceTree = "<group>"; };
		841B4D26280F5D8F006397A2 /* NotificationCellViewModels.swift */ = {isa = PBXFileReference; lastKnownFileType = sourcecode.swift; path = NotificationCellViewModels.swift; sourceTree = "<group>"; };
		8427BF7C27FF95EF00B029BA /* PosterCollectionViewCellViewModel.swift */ = {isa = PBXFileReference; lastKnownFileType = sourcecode.swift; path = PosterCollectionViewCellViewModel.swift; sourceTree = "<group>"; };
		8427BF7E27FF965800B029BA /* PostCollectionViewCellViewModel.swift */ = {isa = PBXFileReference; lastKnownFileType = sourcecode.swift; path = PostCollectionViewCellViewModel.swift; sourceTree = "<group>"; };
		8427BF8227FF96C600B029BA /* PostActionsCollectionViewCellViewModel.swift */ = {isa = PBXFileReference; lastKnownFileType = sourcecode.swift; path = PostActionsCollectionViewCellViewModel.swift; sourceTree = "<group>"; };
		8427BF8427FF973900B029BA /* PostLikesCollectionViewCellViewModel.swift */ = {isa = PBXFileReference; lastKnownFileType = sourcecode.swift; path = PostLikesCollectionViewCellViewModel.swift; sourceTree = "<group>"; };
		8427BF8627FF978E00B029BA /* PostCaptionCollectionViewCellModel.swift */ = {isa = PBXFileReference; lastKnownFileType = sourcecode.swift; path = PostCaptionCollectionViewCellModel.swift; sourceTree = "<group>"; };
		8427BF8827FF97CB00B029BA /* PostDatatimeCollectionViewCellViewModel.swift */ = {isa = PBXFileReference; lastKnownFileType = sourcecode.swift; path = PostDatatimeCollectionViewCellViewModel.swift; sourceTree = "<group>"; };
		8427BF8A27FF987C00B029BA /* HomeFeedCellType.swift */ = {isa = PBXFileReference; lastKnownFileType = sourcecode.swift; path = HomeFeedCellType.swift; sourceTree = "<group>"; };
		8427BF8D27FF9EA400B029BA /* PosterCollectionViewCell.swift */ = {isa = PBXFileReference; lastKnownFileType = sourcecode.swift; path = PosterCollectionViewCell.swift; sourceTree = "<group>"; };
		8427BF8F27FF9F6A00B029BA /* PostCollectionViewCell.swift */ = {isa = PBXFileReference; lastKnownFileType = sourcecode.swift; path = PostCollectionViewCell.swift; sourceTree = "<group>"; };
		8427BF9127FF9FAC00B029BA /* PostActionsCollectionViewCell.swift */ = {isa = PBXFileReference; lastKnownFileType = sourcecode.swift; path = PostActionsCollectionViewCell.swift; sourceTree = "<group>"; };
		8427BF9327FF9FB800B029BA /* PostLikesCollectionViewCell.swift */ = {isa = PBXFileReference; lastKnownFileType = sourcecode.swift; path = PostLikesCollectionViewCell.swift; sourceTree = "<group>"; };
		8427BF9527FF9FC500B029BA /* PostCaptionCollectionViewCell.swift */ = {isa = PBXFileReference; lastKnownFileType = sourcecode.swift; path = PostCaptionCollectionViewCell.swift; sourceTree = "<group>"; };
		8427BF9727FF9FD100B029BA /* PostDateTimeCollectionViewCell.swift */ = {isa = PBXFileReference; lastKnownFileType = sourcecode.swift; path = PostDateTimeCollectionViewCell.swift; sourceTree = "<group>"; };
		8494800127FBB9EA0087C502 /* ExploreViewController.swift */ = {isa = PBXFileReference; lastKnownFileType = sourcecode.swift; path = ExploreViewController.swift; sourceTree = "<group>"; };
		8494800327FBB9F90087C502 /* CameraViewController.swift */ = {isa = PBXFileReference; lastKnownFileType = sourcecode.swift; path = CameraViewController.swift; sourceTree = "<group>"; };
		8494800527FBBA070087C502 /* NotificationsViewController.swift */ = {isa = PBXFileReference; lastKnownFileType = sourcecode.swift; path = NotificationsViewController.swift; sourceTree = "<group>"; };
		8494800727FBBA120087C502 /* ProfileViewController.swift */ = {isa = PBXFileReference; lastKnownFileType = sourcecode.swift; path = ProfileViewController.swift; sourceTree = "<group>"; };
		8494800927FBBA310087C502 /* TabbarViewController.swift */ = {isa = PBXFileReference; lastKnownFileType = sourcecode.swift; path = TabbarViewController.swift; sourceTree = "<group>"; };
		8494800C27FBBA6C0087C502 /* SignUpViewController.swift */ = {isa = PBXFileReference; lastKnownFileType = sourcecode.swift; path = SignUpViewController.swift; sourceTree = "<group>"; };
		8494800E27FBBA770087C502 /* SignInViewController.swift */ = {isa = PBXFileReference; lastKnownFileType = sourcecode.swift; path = SignInViewController.swift; sourceTree = "<group>"; };
		8494801027FBBA860087C502 /* CaptionViewController.swift */ = {isa = PBXFileReference; lastKnownFileType = sourcecode.swift; path = CaptionViewController.swift; sourceTree = "<group>"; };
		8494801227FBBA930087C502 /* ListViewController.swift */ = {isa = PBXFileReference; lastKnownFileType = sourcecode.swift; path = ListViewController.swift; sourceTree = "<group>"; };
		8494801427FBBA9E0087C502 /* PostViewController.swift */ = {isa = PBXFileReference; lastKnownFileType = sourcecode.swift; path = PostViewController.swift; sourceTree = "<group>"; };
		8494801627FBBAAC0087C502 /* SettingsViewController.swift */ = {isa = PBXFileReference; lastKnownFileType = sourcecode.swift; path = SettingsViewController.swift; sourceTree = "<group>"; };
		8494801B27FBBAFA0087C502 /* User.swift */ = {isa = PBXFileReference; lastKnownFileType = sourcecode.swift; path = User.swift; sourceTree = "<group>"; };
		8494801D27FBBB0B0087C502 /* Post.swift */ = {isa = PBXFileReference; lastKnownFileType = sourcecode.swift; path = Post.swift; sourceTree = "<group>"; };
		8494801F27FBBB190087C502 /* Relationship.swift */ = {isa = PBXFileReference; lastKnownFileType = sourcecode.swift; path = Relationship.swift; sourceTree = "<group>"; };
		8494802127FBBB240087C502 /* Notification.swift */ = {isa = PBXFileReference; lastKnownFileType = sourcecode.swift; path = Notification.swift; sourceTree = "<group>"; };
		8494802327FBBB410087C502 /* AuthManager.swift */ = {isa = PBXFileReference; lastKnownFileType = sourcecode.swift; path = AuthManager.swift; sourceTree = "<group>"; };
		8494802527FBBB500087C502 /* DatabaseManager.swift */ = {isa = PBXFileReference; lastKnownFileType = sourcecode.swift; path = DatabaseManager.swift; sourceTree = "<group>"; };
		8494802727FBBB5A0087C502 /* StorageManager.swift */ = {isa = PBXFileReference; lastKnownFileType = sourcecode.swift; path = StorageManager.swift; sourceTree = "<group>"; };
		8494802927FBBB690087C502 /* AnalyticsManager.swift */ = {isa = PBXFileReference; lastKnownFileType = sourcecode.swift; path = AnalyticsManager.swift; sourceTree = "<group>"; };
		8494802B27FBBB770087C502 /* HapticsManager.swift */ = {isa = PBXFileReference; lastKnownFileType = sourcecode.swift; path = HapticsManager.swift; sourceTree = "<group>"; };
		8494802D27FCE7FA0087C502 /* GoogleService-Info.plist */ = {isa = PBXFileReference; fileEncoding = 4; lastKnownFileType = text.plist.xml; path = "GoogleService-Info.plist"; sourceTree = "<group>"; };
		8494802F27FCF6ED0087C502 /* SignInHeaderView.swift */ = {isa = PBXFileReference; lastKnownFileType = sourcecode.swift; path = SignInHeaderView.swift; sourceTree = "<group>"; };
		8494803127FCF86B0087C502 /* Extentions.swift */ = {isa = PBXFileReference; lastKnownFileType = sourcecode.swift; path = Extentions.swift; sourceTree = "<group>"; };
		8494803327FCFE8C0087C502 /* IGTextField.swift */ = {isa = PBXFileReference; lastKnownFileType = sourcecode.swift; path = IGTextField.swift; sourceTree = "<group>"; };
		84A139B027FBAAD100B4C204 /* InstagramClone.app */ = {isa = PBXFileReference; explicitFileType = wrapper.application; includeInIndex = 0; path = InstagramClone.app; sourceTree = BUILT_PRODUCTS_DIR; };
		84A139B327FBAAD100B4C204 /* AppDelegate.swift */ = {isa = PBXFileReference; lastKnownFileType = sourcecode.swift; path = AppDelegate.swift; sourceTree = "<group>"; };
		84A139B527FBAAD100B4C204 /* SceneDelegate.swift */ = {isa = PBXFileReference; lastKnownFileType = sourcecode.swift; path = SceneDelegate.swift; sourceTree = "<group>"; };
		84A139B727FBAAD100B4C204 /* HomeViewController.swift */ = {isa = PBXFileReference; lastKnownFileType = sourcecode.swift; path = HomeViewController.swift; sourceTree = "<group>"; };
		84A139BC27FBAAD500B4C204 /* Assets.xcassets */ = {isa = PBXFileReference; lastKnownFileType = folder.assetcatalog; path = Assets.xcassets; sourceTree = "<group>"; };
		84A139BF27FBAAD500B4C204 /* Base */ = {isa = PBXFileReference; lastKnownFileType = file.storyboard; name = Base; path = Base.lproj/LaunchScreen.storyboard; sourceTree = "<group>"; };
		84A139C127FBAAD500B4C204 /* Info.plist */ = {isa = PBXFileReference; lastKnownFileType = text.plist.xml; path = Info.plist; sourceTree = "<group>"; };
		84C9FA0128075EA60085455E /* PostEditViewController.swift */ = {isa = PBXFileReference; lastKnownFileType = sourcecode.swift; path = PostEditViewController.swift; sourceTree = "<group>"; };
		84C9FA0328077C990085455E /* PhotoCollectionViewCell.swift */ = {isa = PBXFileReference; lastKnownFileType = sourcecode.swift; path = PhotoCollectionViewCell.swift; sourceTree = "<group>"; };
		9230E0E7948DDF80420BA0AB /* Pods-InstagramClone.release.xcconfig */ = {isa = PBXFileReference; includeInIndex = 1; lastKnownFileType = text.xcconfig; name = "Pods-InstagramClone.release.xcconfig"; path = "Target Support Files/Pods-InstagramClone/Pods-InstagramClone.release.xcconfig"; sourceTree = "<group>"; };
/* End PBXFileReference section */

/* Begin PBXFrameworksBuildPhase section */
		84A139AD27FBAAD100B4C204 /* Frameworks */ = {
			isa = PBXFrameworksBuildPhase;
			buildActionMask = 2147483647;
			files = (
				C9F1E6CDCA908AEB68E34162 /* Pods_InstagramClone.framework in Frameworks */,
			);
			runOnlyForDeploymentPostprocessing = 0;
		};
/* End PBXFrameworksBuildPhase section */

/* Begin PBXGroup section */
		2EA4CE3A73998FF6917E95A2 /* Frameworks */ = {
			isa = PBXGroup;
			children = (
				3AB63D9E81EF1360FDB26595 /* Pods_InstagramClone.framework */,
			);
			name = Frameworks;
			sourceTree = "<group>";
		};
		491A5E440D4178B206100EC0 /* Pods */ = {
			isa = PBXGroup;
			children = (
				6E783A069057A3763A129001 /* Pods-InstagramClone.debug.xcconfig */,
				9230E0E7948DDF80420BA0AB /* Pods-InstagramClone.release.xcconfig */,
			);
			path = Pods;
			sourceTree = "<group>";
		};
		841B4D19280F4AD9006397A2 /* NotificationCells */ = {
			isa = PBXGroup;
			children = (
				841B4D1A280F4B0D006397A2 /* FollowNotificationTableViewCell.swift */,
				841B4D1E280F4E4B006397A2 /* CommentNotificationTableViewCell.swift */,
				841B4D20280F4E60006397A2 /* LikeNotificationTableViewCell.swift */,
			);
			path = NotificationCells;
			sourceTree = "<group>";
		};
		8427BF8C27FF9E3400B029BA /* Home Cells */ = {
			isa = PBXGroup;
			children = (
				8427BF8D27FF9EA400B029BA /* PosterCollectionViewCell.swift */,
				8427BF8F27FF9F6A00B029BA /* PostCollectionViewCell.swift */,
				8427BF9127FF9FAC00B029BA /* PostActionsCollectionViewCell.swift */,
				8427BF9327FF9FB800B029BA /* PostLikesCollectionViewCell.swift */,
				8427BF9527FF9FC500B029BA /* PostCaptionCollectionViewCell.swift */,
				8427BF9727FF9FD100B029BA /* PostDateTimeCollectionViewCell.swift */,
			);
			path = "Home Cells";
			sourceTree = "<group>";
		};
		8494800027FBB9D40087C502 /* Core */ = {
			isa = PBXGroup;
			children = (
				84A139B727FBAAD100B4C204 /* HomeViewController.swift */,
				8494800127FBB9EA0087C502 /* ExploreViewController.swift */,
				8494800327FBB9F90087C502 /* CameraViewController.swift */,
				8494800527FBBA070087C502 /* NotificationsViewController.swift */,
				8494800727FBBA120087C502 /* ProfileViewController.swift */,
				8494800927FBBA310087C502 /* TabbarViewController.swift */,
			);
			path = Core;
			sourceTree = "<group>";
		};
		8494800B27FBBA380087C502 /* Other */ = {
			isa = PBXGroup;
			children = (
				8494800C27FBBA6C0087C502 /* SignUpViewController.swift */,
				8494800E27FBBA770087C502 /* SignInViewController.swift */,
				8494801027FBBA860087C502 /* CaptionViewController.swift */,
				8494801227FBBA930087C502 /* ListViewController.swift */,
				8494801427FBBA9E0087C502 /* PostViewController.swift */,
				8494801627FBBAAC0087C502 /* SettingsViewController.swift */,
				84C9FA0128075EA60085455E /* PostEditViewController.swift */,
				841B4D17280DE1F2006397A2 /* SearchResultsViewController.swift */,
			);
			path = Other;
			sourceTree = "<group>";
		};
		8494801827FBBAD60087C502 /* Model */ = {
			isa = PBXGroup;
			children = (
				8494801B27FBBAFA0087C502 /* User.swift */,
				8494801D27FBBB0B0087C502 /* Post.swift */,
				8494801F27FBBB190087C502 /* Relationship.swift */,
				8494802127FBBB240087C502 /* Notification.swift */,
				8427BF8A27FF987C00B029BA /* HomeFeedCellType.swift */,
				841B4D24280F5C8F006397A2 /* NotificationCellType.swift */,
			);
			path = Model;
			sourceTree = "<group>";
		};
		84A139A727FBAAD100B4C204 = {
			isa = PBXGroup;
			children = (
				84A139B227FBAAD100B4C204 /* InstagramClone */,
				84A139B127FBAAD100B4C204 /* Products */,
				491A5E440D4178B206100EC0 /* Pods */,
				2EA4CE3A73998FF6917E95A2 /* Frameworks */,
			);
			sourceTree = "<group>";
		};
		84A139B127FBAAD100B4C204 /* Products */ = {
			isa = PBXGroup;
			children = (
				84A139B027FBAAD100B4C204 /* InstagramClone.app */,
			);
			name = Products;
			sourceTree = "<group>";
		};
		84A139B227FBAAD100B4C204 /* InstagramClone */ = {
			isa = PBXGroup;
			children = (
				84A139CB27FBB14300B4C204 /* Resources */,
				84A139CA27FBB13C00B4C204 /* Managers */,
				84A139C927FBB12F00B4C204 /* ViewModel */,
				84A139C827FBB12200B4C204 /* Views */,
				8494801827FBBAD60087C502 /* Model */,
				84A139C727FBB11900B4C204 /* Controller */,
				84A139C127FBAAD500B4C204 /* Info.plist */,
			);
			path = InstagramClone;
			sourceTree = "<group>";
		};
		84A139C727FBB11900B4C204 /* Controller */ = {
			isa = PBXGroup;
			children = (
				8494800B27FBBA380087C502 /* Other */,
				8494800027FBB9D40087C502 /* Core */,
			);
			path = Controller;
			sourceTree = "<group>";
		};
		84A139C827FBB12200B4C204 /* Views */ = {
			isa = PBXGroup;
			children = (
				841B4D19280F4AD9006397A2 /* NotificationCells */,
				8427BF8C27FF9E3400B029BA /* Home Cells */,
				84A139BE27FBAAD500B4C204 /* LaunchScreen.storyboard */,
				8494802F27FCF6ED0087C502 /* SignInHeaderView.swift */,
				8494803327FCFE8C0087C502 /* IGTextField.swift */,
				84C9FA0328077C990085455E /* PhotoCollectionViewCell.swift */,
			);
			path = Views;
			sourceTree = "<group>";
		};
		84A139C927FBB12F00B4C204 /* ViewModel */ = {
			isa = PBXGroup;
			children = (
				8427BF7C27FF95EF00B029BA /* PosterCollectionViewCellViewModel.swift */,
				8427BF7E27FF965800B029BA /* PostCollectionViewCellViewModel.swift */,
				8427BF8227FF96C600B029BA /* PostActionsCollectionViewCellViewModel.swift */,
				8427BF8427FF973900B029BA /* PostLikesCollectionViewCellViewModel.swift */,
				8427BF8627FF978E00B029BA /* PostCaptionCollectionViewCellModel.swift */,
				8427BF8827FF97CB00B029BA /* PostDatatimeCollectionViewCellViewModel.swift */,
				841B4D26280F5D8F006397A2 /* NotificationCellViewModels.swift */,
			);
			path = ViewModel;
			sourceTree = "<group>";
		};
		84A139CA27FBB13C00B4C204 /* Managers */ = {
			isa = PBXGroup;
			children = (
				8494802327FBBB410087C502 /* AuthManager.swift */,
				8494802527FBBB500087C502 /* DatabaseManager.swift */,
				8494802727FBBB5A0087C502 /* StorageManager.swift */,
				8494802927FBBB690087C502 /* AnalyticsManager.swift */,
				8494802B27FBBB770087C502 /* HapticsManager.swift */,
				841B4D22280F5097006397A2 /* NotificationManager.swift */,
			);
			path = Managers;
			sourceTree = "<group>";
		};
		84A139CB27FBB14300B4C204 /* Resources */ = {
			isa = PBXGroup;
			children = (
				84A139B327FBAAD100B4C204 /* AppDelegate.swift */,
				84A139B527FBAAD100B4C204 /* SceneDelegate.swift */,
				8494802D27FCE7FA0087C502 /* GoogleService-Info.plist */,
				84A139BC27FBAAD500B4C204 /* Assets.xcassets */,
				8494803127FCF86B0087C502 /* Extentions.swift */,
			);
			path = Resources;
			sourceTree = "<group>";
		};
/* End PBXGroup section */

/* Begin PBXNativeTarget section */
		84A139AF27FBAAD100B4C204 /* InstagramClone */ = {
			isa = PBXNativeTarget;
			buildConfigurationList = 84A139C427FBAAD500B4C204 /* Build configuration list for PBXNativeTarget "InstagramClone" */;
			buildPhases = (
				F304FF1592F804AE791CA5D7 /* [CP] Check Pods Manifest.lock */,
				84A139AC27FBAAD100B4C204 /* Sources */,
				84A139AD27FBAAD100B4C204 /* Frameworks */,
				84A139AE27FBAAD100B4C204 /* Resources */,
				20C50C24CADB5C6581B47A42 /* [CP] Embed Pods Frameworks */,
			);
			buildRules = (
			);
			dependencies = (
			);
			name = InstagramClone;
			packageProductDependencies = (
			);
			productName = InstagramClone;
			productReference = 84A139B027FBAAD100B4C204 /* InstagramClone.app */;
			productType = "com.apple.product-type.application";
		};
/* End PBXNativeTarget section */

/* Begin PBXProject section */
		84A139A827FBAAD100B4C204 /* Project object */ = {
			isa = PBXProject;
			attributes = {
				BuildIndependentTargetsInParallel = 1;
				LastSwiftUpdateCheck = 1320;
				LastUpgradeCheck = 1320;
				TargetAttributes = {
					84A139AF27FBAAD100B4C204 = {
						CreatedOnToolsVersion = 13.2.1;
					};
				};
			};
			buildConfigurationList = 84A139AB27FBAAD100B4C204 /* Build configuration list for PBXProject "InstagramClone" */;
			compatibilityVersion = "Xcode 13.0";
			developmentRegion = en;
			hasScannedForEncodings = 0;
			knownRegions = (
				en,
				Base,
			);
			mainGroup = 84A139A727FBAAD100B4C204;
			packageReferences = (
			);
			productRefGroup = 84A139B127FBAAD100B4C204 /* Products */;
			projectDirPath = "";
			projectRoot = "";
			targets = (
				84A139AF27FBAAD100B4C204 /* InstagramClone */,
			);
		};
/* End PBXProject section */

/* Begin PBXResourcesBuildPhase section */
		84A139AE27FBAAD100B4C204 /* Resources */ = {
			isa = PBXResourcesBuildPhase;
			buildActionMask = 2147483647;
			files = (
				84A139C027FBAAD500B4C204 /* LaunchScreen.storyboard in Resources */,
				84A139BD27FBAAD500B4C204 /* Assets.xcassets in Resources */,
				8494802E27FCE7FA0087C502 /* GoogleService-Info.plist in Resources */,
			);
			runOnlyForDeploymentPostprocessing = 0;
		};
/* End PBXResourcesBuildPhase section */

/* Begin PBXShellScriptBuildPhase section */
		20C50C24CADB5C6581B47A42 /* [CP] Embed Pods Frameworks */ = {
			isa = PBXShellScriptBuildPhase;
			buildActionMask = 2147483647;
			files = (
			);
			inputFileListPaths = (
				"${PODS_ROOT}/Target Support Files/Pods-InstagramClone/Pods-InstagramClone-frameworks-${CONFIGURATION}-input-files.xcfilelist",
			);
			name = "[CP] Embed Pods Frameworks";
			outputFileListPaths = (
				"${PODS_ROOT}/Target Support Files/Pods-InstagramClone/Pods-InstagramClone-frameworks-${CONFIGURATION}-output-files.xcfilelist",
			);
			runOnlyForDeploymentPostprocessing = 0;
			shellPath = /bin/sh;
			shellScript = "\"${PODS_ROOT}/Target Support Files/Pods-InstagramClone/Pods-InstagramClone-frameworks.sh\"\n";
			showEnvVarsInLog = 0;
		};
		F304FF1592F804AE791CA5D7 /* [CP] Check Pods Manifest.lock */ = {
			isa = PBXShellScriptBuildPhase;
			buildActionMask = 2147483647;
			files = (
			);
			inputFileListPaths = (
			);
			inputPaths = (
				"${PODS_PODFILE_DIR_PATH}/Podfile.lock",
				"${PODS_ROOT}/Manifest.lock",
			);
			name = "[CP] Check Pods Manifest.lock";
			outputFileListPaths = (
			);
			outputPaths = (
				"$(DERIVED_FILE_DIR)/Pods-InstagramClone-checkManifestLockResult.txt",
			);
			runOnlyForDeploymentPostprocessing = 0;
			shellPath = /bin/sh;
			shellScript = "diff \"${PODS_PODFILE_DIR_PATH}/Podfile.lock\" \"${PODS_ROOT}/Manifest.lock\" > /dev/null\nif [ $? != 0 ] ; then\n    # print error to STDERR\n    echo \"error: The sandbox is not in sync with the Podfile.lock. Run 'pod install' or update your CocoaPods installation.\" >&2\n    exit 1\nfi\n# This output is used by Xcode 'outputs' to avoid re-running this script phase.\necho \"SUCCESS\" > \"${SCRIPT_OUTPUT_FILE_0}\"\n";
			showEnvVarsInLog = 0;
		};
/* End PBXShellScriptBuildPhase section */

/* Begin PBXSourcesBuildPhase section */
		84A139AC27FBAAD100B4C204 /* Sources */ = {
			isa = PBXSourcesBuildPhase;
			buildActionMask = 2147483647;
			files = (
				8494801127FBBA860087C502 /* CaptionViewController.swift in Sources */,
				8427BF9427FF9FB800B029BA /* PostLikesCollectionViewCell.swift in Sources */,
				8494800A27FBBA310087C502 /* TabbarViewController.swift in Sources */,
				8494802227FBBB240087C502 /* Notification.swift in Sources */,
				8494802827FBBB5A0087C502 /* StorageManager.swift in Sources */,
				8494801327FBBA930087C502 /* ListViewController.swift in Sources */,
				841B4D25280F5C8F006397A2 /* NotificationCellType.swift in Sources */,
				841B4D1B280F4B0D006397A2 /* FollowNotificationTableViewCell.swift in Sources */,
				841B4D1F280F4E4B006397A2 /* CommentNotificationTableViewCell.swift in Sources */,
				8427BF9027FF9F6A00B029BA /* PostCollectionViewCell.swift in Sources */,
				8494801527FBBA9E0087C502 /* PostViewController.swift in Sources */,
				8494800227FBB9EA0087C502 /* ExploreViewController.swift in Sources */,
				8427BF9227FF9FAC00B029BA /* PostActionsCollectionViewCell.swift in Sources */,
				8494800427FBB9F90087C502 /* CameraViewController.swift in Sources */,
				8494802A27FBBB690087C502 /* AnalyticsManager.swift in Sources */,
				84A139B827FBAAD100B4C204 /* HomeViewController.swift in Sources */,
				8427BF8927FF97CB00B029BA /* PostDatatimeCollectionViewCellViewModel.swift in Sources */,
				8494800627FBBA070087C502 /* NotificationsViewController.swift in Sources */,
				841B4D27280F5D8F006397A2 /* NotificationCellViewModels.swift in Sources */,
				8427BF7D27FF95EF00B029BA /* PosterCollectionViewCellViewModel.swift in Sources */,
				8494801C27FBBAFA0087C502 /* User.swift in Sources */,
				8494800827FBBA120087C502 /* ProfileViewController.swift in Sources */,
				8494803027FCF6ED0087C502 /* SignInHeaderView.swift in Sources */,
				841B4D18280DE1F2006397A2 /* SearchResultsViewController.swift in Sources */,
				841B4D23280F5097006397A2 /* NotificationManager.swift in Sources */,
				8494801727FBBAAC0087C502 /* SettingsViewController.swift in Sources */,
				8494803427FCFE8C0087C502 /* IGTextField.swift in Sources */,
				8427BF7F27FF965800B029BA /* PostCollectionViewCellViewModel.swift in Sources */,
				8427BF8B27FF987C00B029BA /* HomeFeedCellType.swift in Sources */,
				8427BF8527FF973900B029BA /* PostLikesCollectionViewCellViewModel.swift in Sources */,
				8494802627FBBB500087C502 /* DatabaseManager.swift in Sources */,
				8494802027FBBB190087C502 /* Relationship.swift in Sources */,
				84C9FA0228075EA60085455E /* PostEditViewController.swift in Sources */,
				8494801E27FBBB0B0087C502 /* Post.swift in Sources */,
				8494802427FBBB410087C502 /* AuthManager.swift in Sources */,
				841B4D21280F4E60006397A2 /* LikeNotificationTableViewCell.swift in Sources */,
				8494800D27FBBA6C0087C502 /* SignUpViewController.swift in Sources */,
				84A139B427FBAAD100B4C204 /* AppDelegate.swift in Sources */,
				8427BF8327FF96C600B029BA /* PostActionsCollectionViewCellViewModel.swift in Sources */,
				8494802C27FBBB770087C502 /* HapticsManager.swift in Sources */,
				8427BF9827FF9FD100B029BA /* PostDateTimeCollectionViewCell.swift in Sources */,
				8494803227FCF86B0087C502 /* Extentions.swift in Sources */,
				84C9FA0428077C990085455E /* PhotoCollectionViewCell.swift in Sources */,
				8494800F27FBBA770087C502 /* SignInViewController.swift in Sources */,
				8427BF8E27FF9EA400B029BA /* PosterCollectionViewCell.swift in Sources */,
				8427BF8727FF978E00B029BA /* PostCaptionCollectionViewCellModel.swift in Sources */,
				84A139B627FBAAD100B4C204 /* SceneDelegate.swift in Sources */,
				8427BF9627FF9FC500B029BA /* PostCaptionCollectionViewCell.swift in Sources */,
			);
			runOnlyForDeploymentPostprocessing = 0;
		};
/* End PBXSourcesBuildPhase section */

/* Begin PBXVariantGroup section */
		84A139BE27FBAAD500B4C204 /* LaunchScreen.storyboard */ = {
			isa = PBXVariantGroup;
			children = (
				84A139BF27FBAAD500B4C204 /* Base */,
			);
			name = LaunchScreen.storyboard;
			sourceTree = "<group>";
		};
/* End PBXVariantGroup section */

/* Begin XCBuildConfiguration section */
		84A139C227FBAAD500B4C204 /* Debug */ = {
			isa = XCBuildConfiguration;
			buildSettings = {
				ALWAYS_SEARCH_USER_PATHS = NO;
				CLANG_ANALYZER_NONNULL = YES;
				CLANG_ANALYZER_NUMBER_OBJECT_CONVERSION = YES_AGGRESSIVE;
				CLANG_CXX_LANGUAGE_STANDARD = "gnu++17";
				CLANG_CXX_LIBRARY = "libc++";
				CLANG_ENABLE_MODULES = YES;
				CLANG_ENABLE_OBJC_ARC = YES;
				CLANG_ENABLE_OBJC_WEAK = YES;
				CLANG_WARN_BLOCK_CAPTURE_AUTORELEASING = YES;
				CLANG_WARN_BOOL_CONVERSION = YES;
				CLANG_WARN_COMMA = YES;
				CLANG_WARN_CONSTANT_CONVERSION = YES;
				CLANG_WARN_DEPRECATED_OBJC_IMPLEMENTATIONS = YES;
				CLANG_WARN_DIRECT_OBJC_ISA_USAGE = YES_ERROR;
				CLANG_WARN_DOCUMENTATION_COMMENTS = YES;
				CLANG_WARN_EMPTY_BODY = YES;
				CLANG_WARN_ENUM_CONVERSION = YES;
				CLANG_WARN_INFINITE_RECURSION = YES;
				CLANG_WARN_INT_CONVERSION = YES;
				CLANG_WARN_NON_LITERAL_NULL_CONVERSION = YES;
				CLANG_WARN_OBJC_IMPLICIT_RETAIN_SELF = YES;
				CLANG_WARN_OBJC_LITERAL_CONVERSION = YES;
				CLANG_WARN_OBJC_ROOT_CLASS = YES_ERROR;
				CLANG_WARN_QUOTED_INCLUDE_IN_FRAMEWORK_HEADER = YES;
				CLANG_WARN_RANGE_LOOP_ANALYSIS = YES;
				CLANG_WARN_STRICT_PROTOTYPES = YES;
				CLANG_WARN_SUSPICIOUS_MOVE = YES;
				CLANG_WARN_UNGUARDED_AVAILABILITY = YES_AGGRESSIVE;
				CLANG_WARN_UNREACHABLE_CODE = YES;
				CLANG_WARN__DUPLICATE_METHOD_MATCH = YES;
				COPY_PHASE_STRIP = NO;
				DEBUG_INFORMATION_FORMAT = dwarf;
				ENABLE_STRICT_OBJC_MSGSEND = YES;
				ENABLE_TESTABILITY = YES;
				GCC_C_LANGUAGE_STANDARD = gnu11;
				GCC_DYNAMIC_NO_PIC = NO;
				GCC_NO_COMMON_BLOCKS = YES;
				GCC_OPTIMIZATION_LEVEL = 0;
				GCC_PREPROCESSOR_DEFINITIONS = (
					"DEBUG=1",
					"$(inherited)",
				);
				GCC_WARN_64_TO_32_BIT_CONVERSION = YES;
				GCC_WARN_ABOUT_RETURN_TYPE = YES_ERROR;
				GCC_WARN_UNDECLARED_SELECTOR = YES;
				GCC_WARN_UNINITIALIZED_AUTOS = YES_AGGRESSIVE;
				GCC_WARN_UNUSED_FUNCTION = YES;
				GCC_WARN_UNUSED_VARIABLE = YES;
				IPHONEOS_DEPLOYMENT_TARGET = 15.2;
				MTL_ENABLE_DEBUG_INFO = INCLUDE_SOURCE;
				MTL_FAST_MATH = YES;
				ONLY_ACTIVE_ARCH = YES;
				SDKROOT = iphoneos;
				SWIFT_ACTIVE_COMPILATION_CONDITIONS = DEBUG;
				SWIFT_OPTIMIZATION_LEVEL = "-Onone";
			};
			name = Debug;
		};
		84A139C327FBAAD500B4C204 /* Release */ = {
			isa = XCBuildConfiguration;
			buildSettings = {
				ALWAYS_SEARCH_USER_PATHS = NO;
				CLANG_ANALYZER_NONNULL = YES;
				CLANG_ANALYZER_NUMBER_OBJECT_CONVERSION = YES_AGGRESSIVE;
				CLANG_CXX_LANGUAGE_STANDARD = "gnu++17";
				CLANG_CXX_LIBRARY = "libc++";
				CLANG_ENABLE_MODULES = YES;
				CLANG_ENABLE_OBJC_ARC = YES;
				CLANG_ENABLE_OBJC_WEAK = YES;
				CLANG_WARN_BLOCK_CAPTURE_AUTORELEASING = YES;
				CLANG_WARN_BOOL_CONVERSION = YES;
				CLANG_WARN_COMMA = YES;
				CLANG_WARN_CONSTANT_CONVERSION = YES;
				CLANG_WARN_DEPRECATED_OBJC_IMPLEMENTATIONS = YES;
				CLANG_WARN_DIRECT_OBJC_ISA_USAGE = YES_ERROR;
				CLANG_WARN_DOCUMENTATION_COMMENTS = YES;
				CLANG_WARN_EMPTY_BODY = YES;
				CLANG_WARN_ENUM_CONVERSION = YES;
				CLANG_WARN_INFINITE_RECURSION = YES;
				CLANG_WARN_INT_CONVERSION = YES;
				CLANG_WARN_NON_LITERAL_NULL_CONVERSION = YES;
				CLANG_WARN_OBJC_IMPLICIT_RETAIN_SELF = YES;
				CLANG_WARN_OBJC_LITERAL_CONVERSION = YES;
				CLANG_WARN_OBJC_ROOT_CLASS = YES_ERROR;
				CLANG_WARN_QUOTED_INCLUDE_IN_FRAMEWORK_HEADER = YES;
				CLANG_WARN_RANGE_LOOP_ANALYSIS = YES;
				CLANG_WARN_STRICT_PROTOTYPES = YES;
				CLANG_WARN_SUSPICIOUS_MOVE = YES;
				CLANG_WARN_UNGUARDED_AVAILABILITY = YES_AGGRESSIVE;
				CLANG_WARN_UNREACHABLE_CODE = YES;
				CLANG_WARN__DUPLICATE_METHOD_MATCH = YES;
				COPY_PHASE_STRIP = NO;
				DEBUG_INFORMATION_FORMAT = "dwarf-with-dsym";
				ENABLE_NS_ASSERTIONS = NO;
				ENABLE_STRICT_OBJC_MSGSEND = YES;
				GCC_C_LANGUAGE_STANDARD = gnu11;
				GCC_NO_COMMON_BLOCKS = YES;
				GCC_WARN_64_TO_32_BIT_CONVERSION = YES;
				GCC_WARN_ABOUT_RETURN_TYPE = YES_ERROR;
				GCC_WARN_UNDECLARED_SELECTOR = YES;
				GCC_WARN_UNINITIALIZED_AUTOS = YES_AGGRESSIVE;
				GCC_WARN_UNUSED_FUNCTION = YES;
				GCC_WARN_UNUSED_VARIABLE = YES;
				IPHONEOS_DEPLOYMENT_TARGET = 15.2;
				MTL_ENABLE_DEBUG_INFO = NO;
				MTL_FAST_MATH = YES;
				SDKROOT = iphoneos;
				SWIFT_COMPILATION_MODE = wholemodule;
				SWIFT_OPTIMIZATION_LEVEL = "-O";
				VALIDATE_PRODUCT = YES;
			};
			name = Release;
		};
		84A139C527FBAAD500B4C204 /* Debug */ = {
			isa = XCBuildConfiguration;
			baseConfigurationReference = 6E783A069057A3763A129001 /* Pods-InstagramClone.debug.xcconfig */;
			buildSettings = {
				ASSETCATALOG_COMPILER_APPICON_NAME = AppIcon;
				ASSETCATALOG_COMPILER_GLOBAL_ACCENT_COLOR_NAME = AccentColor;
				CODE_SIGN_STYLE = Automatic;
				CURRENT_PROJECT_VERSION = 1;
				DEVELOPMENT_TEAM = 8AD4NX7R6N;
				GENERATE_INFOPLIST_FILE = YES;
				INFOPLIST_FILE = InstagramClone/Info.plist;
				INFOPLIST_KEY_CFBundleDisplayName = Instagram;
				INFOPLIST_KEY_UIApplicationSupportsIndirectInputEvents = YES;
				INFOPLIST_KEY_UILaunchStoryboardName = LaunchScreen;
				INFOPLIST_KEY_UISupportedInterfaceOrientations = UIInterfaceOrientationPortrait;
				INFOPLIST_KEY_UISupportedInterfaceOrientations_iPad = "UIInterfaceOrientationPortrait UIInterfaceOrientationPortraitUpsideDown UIInterfaceOrientationLandscapeLeft UIInterfaceOrientationLandscapeRight";
				INFOPLIST_KEY_UISupportedInterfaceOrientations_iPhone = "UIInterfaceOrientationPortrait UIInterfaceOrientationLandscapeLeft UIInterfaceOrientationLandscapeRight";
				IPHONEOS_DEPLOYMENT_TARGET = 13.0;
				LD_RUNPATH_SEARCH_PATHS = (
					"$(inherited)",
					"@executable_path/Frameworks",
				);
				MARKETING_VERSION = 1.0;
				PRODUCT_BUNDLE_IDENTIFIER = com.AndrewHolmes.InstagramClone;
				PRODUCT_NAME = "$(TARGET_NAME)";
				SWIFT_EMIT_LOC_STRINGS = YES;
				SWIFT_VERSION = 5.0;
				TARGETED_DEVICE_FAMILY = 1;
			};
			name = Debug;
		};
		84A139C627FBAAD500B4C204 /* Release */ = {
			isa = XCBuildConfiguration;
			baseConfigurationReference = 9230E0E7948DDF80420BA0AB /* Pods-InstagramClone.release.xcconfig */;
			buildSettings = {
				ASSETCATALOG_COMPILER_APPICON_NAME = AppIcon;
				ASSETCATALOG_COMPILER_GLOBAL_ACCENT_COLOR_NAME = AccentColor;
				CODE_SIGN_STYLE = Automatic;
				CURRENT_PROJECT_VERSION = 1;
				DEVELOPMENT_TEAM = 8AD4NX7R6N;
				GENERATE_INFOPLIST_FILE = YES;
				INFOPLIST_FILE = InstagramClone/Info.plist;
				INFOPLIST_KEY_CFBundleDisplayName = Instagram;
				INFOPLIST_KEY_UIApplicationSupportsIndirectInputEvents = YES;
				INFOPLIST_KEY_UILaunchStoryboardName = LaunchScreen;
				INFOPLIST_KEY_UISupportedInterfaceOrientations = UIInterfaceOrientationPortrait;
				INFOPLIST_KEY_UISupportedInterfaceOrientations_iPad = "UIInterfaceOrientationPortrait UIInterfaceOrientationPortraitUpsideDown UIInterfaceOrientationLandscapeLeft UIInterfaceOrientationLandscapeRight";
				INFOPLIST_KEY_UISupportedInterfaceOrientations_iPhone = "UIInterfaceOrientationPortrait UIInterfaceOrientationLandscapeLeft UIInterfaceOrientationLandscapeRight";
				IPHONEOS_DEPLOYMENT_TARGET = 13.0;
				LD_RUNPATH_SEARCH_PATHS = (
					"$(inherited)",
					"@executable_path/Frameworks",
				);
				MARKETING_VERSION = 1.0;
				PRODUCT_BUNDLE_IDENTIFIER = com.AndrewHolmes.InstagramClone;
				PRODUCT_NAME = "$(TARGET_NAME)";
				SWIFT_EMIT_LOC_STRINGS = YES;
				SWIFT_VERSION = 5.0;
				TARGETED_DEVICE_FAMILY = 1;
			};
			name = Release;
		};
/* End XCBuildConfiguration section */

/* Begin XCConfigurationList section */
		84A139AB27FBAAD100B4C204 /* Build configuration list for PBXProject "InstagramClone" */ = {
			isa = XCConfigurationList;
			buildConfigurations = (
				84A139C227FBAAD500B4C204 /* Debug */,
				84A139C327FBAAD500B4C204 /* Release */,
			);
			defaultConfigurationIsVisible = 0;
			defaultConfigurationName = Release;
		};
		84A139C427FBAAD500B4C204 /* Build configuration list for PBXNativeTarget "InstagramClone" */ = {
			isa = XCConfigurationList;
			buildConfigurations = (
				84A139C527FBAAD500B4C204 /* Debug */,
				84A139C627FBAAD500B4C204 /* Release */,
			);
			defaultConfigurationIsVisible = 0;
			defaultConfigurationName = Release;
		};
/* End XCConfigurationList section */
	};
	rootObject = 84A139A827FBAAD100B4C204 /* Project object */;
}
